
Microsoft Visual Studio Solution File, Format Version 12.00
# Visual Studio Version 17
VisualStudioVersion = 17.6.33815.320
MinimumVisualStudioVersion = 10.0.40219.1
Project("{FAE04EC0-301F-11D3-BF4B-00C04F79EFBC}") = "AuthBlazor", "AuthBlazor\AuthBlazor.csproj", "{C8B425C4-BBC1-4281-8487-61D75AD09856}"
EndProject
Global
	GlobalSection(SolutionConfigurationPlatforms) = preSolution
		Debug|Any CPU = Debug|Any CPU
		Release|Any CPU = Release|Any CPU
	EndGlobalSection
	GlobalSection(ProjectConfigurationPlatforms) = postSolution
		{C8B425C4-BBC1-4281-8487-61D75AD09856}.Debug|Any CPU.ActiveCfg = Debug|Any CPU
		{C8B425C4-BBC1-4281-8487-61D75AD09856}.Debug|Any CPU.Build.0 = Debug|Any CPU
		{C8B425C4-BBC1-4281-8487-61D75AD09856}.Release|Any CPU.ActiveCfg = Release|Any CPU
		{C8B425C4-BBC1-4281-8487-61D75AD09856}.Release|Any CPU.Build.0 = Release|Any CPU
	EndGlobalSection
	GlobalSection(SolutionProperties) = preSolution
		HideSolutionNode = FALSE
	EndGlobalSection
	GlobalSection(ExtensibilityGlobals) = postSolution
		SolutionGuid = {1FC129BB-D2E6-48FB-AED6-C3704D1D3E68}
	EndGlobalSection
EndGlobal
